
Microsoft Visual Studio Solution File, Format Version 12.00
# Visual Studio 15
VisualStudioVersion = 15.0.28307.106
MinimumVisualStudioVersion = 10.0.40219.1
Project("{FAE04EC0-301F-11D3-BF4B-00C04F79EFBC}") = "BubbleSort", "BubbleSort\BubbleSort.csproj", "{ED146F0D-3DFD-469D-9884-AEC28B9A7F70}"
EndProject
Global
	GlobalSection(SolutionConfigurationPlatforms) = preSolution
		Debug|Any CPU = Debug|Any CPU
		Release|Any CPU = Release|Any CPU
	EndGlobalSection
	GlobalSection(ProjectConfigurationPlatforms) = postSolution
		{ED146F0D-3DFD-469D-9884-AEC28B9A7F70}.Debug|Any CPU.ActiveCfg = Debug|Any CPU
		{ED146F0D-3DFD-469D-9884-AEC28B9A7F70}.Debug|Any CPU.Build.0 = Debug|Any CPU
		{ED146F0D-3DFD-469D-9884-AEC28B9A7F70}.Release|Any CPU.ActiveCfg = Release|Any CPU
		{ED146F0D-3DFD-469D-9884-AEC28B9A7F70}.Release|Any CPU.Build.0 = Release|Any CPU
	EndGlobalSection
	GlobalSection(SolutionProperties) = preSolution
		HideSolutionNode = FALSE
	EndGlobalSection
	GlobalSection(ExtensibilityGlobals) = postSolution
		SolutionGuid = {E9FC042C-A5CD-457E-884F-25EE5E62997C}
	EndGlobalSection
EndGlobal
